{
  "name": "compressjs",
  "version": "1.0.3-git",
  "lockfileVersion": 3,
  "requires": true,
  "packages": {
    "": {
      "name": "compressjs",
      "version": "1.0.3-git",
      "license": "GPL",
      "dependencies": {
        "amdefine": "~1.0.0",
        "commander": "~2.8.1"
      },
      "bin": {
        "compressjs": "bin/compressjs"
      },
      "devDependencies": {
        "@types/node": "^20.11.17",
        "mocha": "~2.2.5"
      }
    },
    "node_modules/@types/node": {
      "version": "20.11.17",
      "resolved": "https://registry.npmjs.org/@types/node/-/node-20.11.17.tgz",
      "integrity": "sha512-QmgQZGWu1Yw9TDyAP9ZzpFJKynYNeOvwMJmaxABfieQoVoiVOS6MN1WSpqpRcbeA5+RW82kraAVxCCJg+780Qw==",
      "dev": true,
      "dependencies": {
        "undici-types": "~5.26.4"
      }
    },
    "node_modules/amdefine": {
      "version": "1.0.1",
      "resolved": "https://registry.npmjs.org/amdefine/-/amdefine-1.0.1.tgz",
      "integrity": "sha512-S2Hw0TtNkMJhIabBwIojKL9YHO5T0n5eNqWJ7Lrlel/zDbftQpxpapi8tZs3X1HWa+u+QeydGmzzNU0m09+Rcg==",
      "engines": {
        "node": ">=0.4.2"
      }
    },
    "node_modules/commander": {
      "version": "2.8.1",
      "resolved": "https://registry.npmjs.org/commander/-/commander-2.8.1.tgz",
      "integrity": "sha512-+pJLBFVk+9ZZdlAOB5WuIElVPPth47hILFkmGym57aq8kwxsowvByvB0DHs1vQAhyMZzdcpTtF0VDKGkSDR4ZQ==",
      "dependencies": {
        "graceful-readlink": ">= 1.0.0"
      },
      "engines": {
        "node": ">= 0.6.x"
      }
    },
    "node_modules/debug": {
      "version": "2.0.0",
      "resolved": "https://registry.npmjs.org/debug/-/debug-2.0.0.tgz",
      "integrity": "sha512-jRxFR0Fb657ikmm6IjHY32v/Nqp9Ndcx4LBISXPfpguNaHh5JJnb+x37qalKPTu4fxMFnVBIyEGi72mmvl0BCw==",
      "dev": true,
      "dependencies": {
        "ms": "0.6.2"
      }
    },
    "node_modules/diff": {
      "version": "1.4.0",
      "resolved": "https://registry.npmjs.org/diff/-/diff-1.4.0.tgz",
      "integrity": "sha512-VzVc42hMZbYU9Sx/ltb7KYuQ6pqAw+cbFWVy4XKdkuEL2CFaRLGEnISPs7YdzaUGpi+CpIqvRmu7hPQ4T7EQ5w==",
      "dev": true,
      "engines": {
        "node": ">=0.3.1"
      }
    },
    "node_modules/escape-string-regexp": {
      "version": "1.0.2",
      "resolved": "https://registry.npmjs.org/escape-string-regexp/-/escape-string-regexp-1.0.2.tgz",
      "integrity": "sha512-cQpUid7bdTUnFin8S7BnNdOk+/eDqQmKgCANSyd/jAhrKEvxUvr9VQ8XZzXiOtest8NLfk3FSBZzwvemZNQ6Vg==",
      "dev": true,
      "engines": {
        "node": ">=0.8.0"
      }
    },
    "node_modules/glob": {
      "version": "3.2.3",
      "resolved": "https://registry.npmjs.org/glob/-/glob-3.2.3.tgz",
      "integrity": "sha512-WPaLsMHD1lYEqAmIQI6VOJSPwuBdGShDWnj1yUo0vQqEO809R8W3LM9OVU13CnnDhyv/EiNwOtxEW74SmrzS6w==",
      "dev": true,
      "dependencies": {
        "graceful-fs": "~2.0.0",
        "inherits": "2",
        "minimatch": "~0.2.11"
      },
      "engines": {
        "node": "*"
      }
    },
    "node_modules/graceful-fs": {
      "version": "2.0.3",
      "resolved": "https://registry.npmjs.org/graceful-fs/-/graceful-fs-2.0.3.tgz",
      "integrity": "sha512-hcj/NTUWv+C3MbqrVb9F+aH6lvTwEHJdx2foBxlrVq5h6zE8Bfu4pv4CAAqbDcZrw/9Ak5lsRXlY9Ao8/F0Tuw==",
      "deprecated": "please upgrade to graceful-fs 4 for compatibility with current and future versions of Node.js",
      "dev": true,
      "engines": {
        "node": ">=0.4.0"
      }
    },
    "node_modules/graceful-readlink": {
      "version": "1.0.1",
      "resolved": "https://registry.npmjs.org/graceful-readlink/-/graceful-readlink-1.0.1.tgz",
      "integrity": "sha512-8tLu60LgxF6XpdbK8OW3FA+IfTNBn1ZHGHKF4KQbEeSkajYw5PlYJcKluntgegDPTg8UkHjpet1T82vk6TQ68w=="
    },
    "node_modules/growl": {
      "version": "1.8.1",
      "resolved": "https://registry.npmjs.org/growl/-/growl-1.8.1.tgz",
      "integrity": "sha512-Hq61svqhXHBTY80KsuLrItJ9A0YP1PSeiS4hhi77NcPQf+F+yagOSkhuhZdND7NfAcpHm495FKUTmRcygzF0OA==",
      "dev": true
    },
    "node_modules/inherits": {
      "version": "2.0.4",
      "resolved": "https://registry.npmjs.org/inherits/-/inherits-2.0.4.tgz",
      "integrity": "sha512-k/vGaX4/Yla3WzyMCvTQOXYeIHvqOKtnqBduzTHpzpQZzAskKMhZ2K+EnBiSM9zGSoIFeMpXKxa4dYeZIQqewQ==",
      "dev": true
    },
    "node_modules/jade": {
      "version": "0.26.3",
      "resolved": "https://registry.npmjs.org/jade/-/jade-0.26.3.tgz",
      "integrity": "sha512-mkk3vzUHFjzKjpCXeu+IjXeZD+QOTjUUdubgmHtHTDwvAO2ZTkMTTVrapts5CWz3JvJryh/4KWZpjeZrCepZ3A==",
      "deprecated": "Jade has been renamed to pug, please install the latest version of pug instead of jade",
      "dev": true,
      "dependencies": {
        "commander": "0.6.1",
        "mkdirp": "0.3.0"
      },
      "bin": {
        "jade": "bin/jade"
      }
    },
    "node_modules/jade/node_modules/commander": {
      "version": "0.6.1",
      "resolved": "https://registry.npmjs.org/commander/-/commander-0.6.1.tgz",
      "integrity": "sha512-0fLycpl1UMTGX257hRsu/arL/cUbcvQM4zMKwvLvzXtfdezIV4yotPS2dYtknF+NmEfWSoCEF6+hj9XLm/6hEw==",
      "dev": true,
      "engines": {
        "node": ">= 0.4.x"
      }
    },
    "node_modules/jade/node_modules/mkdirp": {
      "version": "0.3.0",
      "resolved": "https://registry.npmjs.org/mkdirp/-/mkdirp-0.3.0.tgz",
      "integrity": "sha512-OHsdUcVAQ6pOtg5JYWpCBo9W/GySVuwvP9hueRMW7UqshC0tbfzLv8wjySTPm3tfUZ/21CE9E1pJagOA91Pxew==",
      "deprecated": "Legacy versions of mkdirp are no longer supported. Please update to mkdirp 1.x. (Note that the API surface has changed to use Promises in 1.x.)",
      "dev": true,
      "engines": {
        "node": "*"
      }
    },
    "node_modules/lru-cache": {
      "version": "2.7.3",
      "resolved": "https://registry.npmjs.org/lru-cache/-/lru-cache-2.7.3.tgz",
      "integrity": "sha512-WpibWJ60c3AgAz8a2iYErDrcT2C7OmKnsWhIcHOjkUHFjkXncJhtLxNSqUmxRxRunpb5I8Vprd7aNSd2NtksJQ==",
      "dev": true
    },
    "node_modules/minimatch": {
      "version": "0.2.14",
      "resolved": "https://registry.npmjs.org/minimatch/-/minimatch-0.2.14.tgz",
      "integrity": "sha512-zZ+Jy8lVWlvqqeM8iZB7w7KmQkoJn8djM585z88rywrEbzoqawVa9FR5p2hwD+y74nfuKOjmNvi9gtWJNLqHvA==",
      "deprecated": "Please update to minimatch 3.0.2 or higher to avoid a RegExp DoS issue",
      "dev": true,
      "dependencies": {
        "lru-cache": "2",
        "sigmund": "~1.0.0"
      },
      "engines": {
        "node": "*"
      }
    },
    "node_modules/minimist": {
      "version": "0.0.8",
      "resolved": "https://registry.npmjs.org/minimist/-/minimist-0.0.8.tgz",
      "integrity": "sha512-miQKw5Hv4NS1Psg2517mV4e4dYNaO3++hjAvLOAzKqZ61rH8NS1SK+vbfBWZ5PY/Me/bEWhUwqMghEW5Fb9T7Q==",
      "dev": true
    },
    "node_modules/mkdirp": {
      "version": "0.5.0",
      "resolved": "https://registry.npmjs.org/mkdirp/-/mkdirp-0.5.0.tgz",
      "integrity": "sha512-xjjNGy+ry1lhtIKcr2PT6ok3aszhQfgrUDp4OZLHacgRgFmF6XR9XCOJVcXlVGQonIqXcK1DvqgKKQOPWYGSfw==",
      "deprecated": "Legacy versions of mkdirp are no longer supported. Please update to mkdirp 1.x. (Note that the API surface has changed to use Promises in 1.x.)",
      "dev": true,
      "dependencies": {
        "minimist": "0.0.8"
      },
      "bin": {
        "mkdirp": "bin/cmd.js"
      }
    },
    "node_modules/mocha": {
      "version": "2.2.5",
      "resolved": "https://registry.npmjs.org/mocha/-/mocha-2.2.5.tgz",
      "integrity": "sha512-/JI0IQyGSDVKJGOPQlOn0PwZ2S0htOHS95N65Pxm+AIRNzbc1tJnTD5+heey+eyz+AmCxwgpajHhatfmMzYyzQ==",
      "deprecated": "Mocha v2.2.x is no longer supported.",
      "dev": true,
      "dependencies": {
        "commander": "2.3.0",
        "debug": "2.0.0",
        "diff": "1.4.0",
        "escape-string-regexp": "1.0.2",
        "glob": "3.2.3",
        "growl": "1.8.1",
        "jade": "0.26.3",
        "mkdirp": "0.5.0",
        "supports-color": "~1.2.0"
      },
      "bin": {
        "_mocha": "bin/_mocha",
        "mocha": "bin/mocha"
      },
      "engines": {
        "node": ">= 0.8.x"
      }
    },
    "node_modules/mocha/node_modules/commander": {
      "version": "2.3.0",
      "resolved": "https://registry.npmjs.org/commander/-/commander-2.3.0.tgz",
      "integrity": "sha512-CD452fnk0jQyk3NfnK+KkR/hUPoHt5pVaKHogtyyv3N0U4QfAal9W0/rXLOg/vVZgQKa7jdtXypKs1YAip11uQ==",
      "dev": true,
      "engines": {
        "node": ">= 0.6.x"
      }
    },
    "node_modules/ms": {
      "version": "0.6.2",
      "resolved": "https://registry.npmjs.org/ms/-/ms-0.6.2.tgz",
      "integrity": "sha512-/pc3eh7TWorTtbvXg8je4GvrvEqCfH7PA3P7iW01yL2E53FKixzgMBaQi0NOPbMJqY34cBSvR0tZtmlTkdUG4A==",
      "dev": true
    },
    "node_modules/sigmund": {
      "version": "1.0.1",
      "resolved": "https://registry.npmjs.org/sigmund/-/sigmund-1.0.1.tgz",
      "integrity": "sha512-fCvEXfh6NWpm+YSuY2bpXb/VIihqWA6hLsgboC+0nl71Q7N7o2eaCW8mJa/NLvQhs6jpd3VZV4UiUQlV6+lc8g==",
      "dev": true
    },
    "node_modules/supports-color": {
      "version": "1.2.1",
      "resolved": "https://registry.npmjs.org/supports-color/-/supports-color-1.2.1.tgz",
      "integrity": "sha512-MNpF4lwJXGrsw6ZnDWZKDAtUqjJXR9QmFshDsbWzLimdzVRuxT3dWxPXnPYRSXnncQsIGTyZGNPDKQ8R8dNYcg==",
      "dev": true,
      "bin": {
        "supports-color": "cli.js"
      },
      "engines": {
        "node": ">=0.8.0"
      }
    },
    "node_modules/undici-types": {
      "version": "5.26.5",
      "resolved": "https://registry.npmjs.org/undici-types/-/undici-types-5.26.5.tgz",
      "integrity": "sha512-JlCMO+ehdEIKqlFxk6IfVoAUVmgz7cU7zD/h9XZ0qzeosSHmUJVOzSQvvYSYWXkFXC+IfLKSIffhv0sVZup6pA==",
      "dev": true
    }
  }
}
